{
  "object": {
    "pins": [
      {
        "package": "Alamofire",
        "repositoryURL": "https://github.com/Alamofire/Alamofire.git",
        "state": {
          "branch": null,
          "revision": "b8995447518fd57af14c88a47f27434a16f60403",
          "version": "4.5.1"
        }
      },
      {
        "package": "CodableAlamofire",
        "repositoryURL": "https://github.com/Otbivnoe/CodableAlamofire.git",
        "state": {
          "branch": null,
          "revision": "dcbbb9e8b6664ccefb1eacf045da34f6e3cbbff4",
          "version": "1.1.0"
        }
      }
    ]
  },
  "version": 1
}
